
Microsoft Visual Studio Solution File, Format Version 12.00
# Visual Studio 15
VisualStudioVersion = 15.0.27130.2024
MinimumVisualStudioVersion = 10.0.40219.1
Project("{FAE04EC0-301F-11D3-BF4B-00C04F79EFBC}") = "select_folder", "select_folder\select_folder.csproj", "{F1BF92D7-DB54-4646-82D7-1B9FE9D09612}"
EndProject
Global
	GlobalSection(SolutionConfigurationPlatforms) = preSolution
		Debug|Any CPU = Debug|Any CPU
		Release|Any CPU = Release|Any CPU
	EndGlobalSection
	GlobalSection(ProjectConfigurationPlatforms) = postSolution
		{F1BF92D7-DB54-4646-82D7-1B9FE9D09612}.Debug|Any CPU.ActiveCfg = Debug|Any CPU
		{F1BF92D7-DB54-4646-82D7-1B9FE9D09612}.Debug|Any CPU.Build.0 = Debug|Any CPU
		{F1BF92D7-DB54-4646-82D7-1B9FE9D09612}.Release|Any CPU.ActiveCfg = Release|Any CPU
		{F1BF92D7-DB54-4646-82D7-1B9FE9D09612}.Release|Any CPU.Build.0 = Release|Any CPU
	EndGlobalSection
	GlobalSection(SolutionProperties) = preSolution
		HideSolutionNode = FALSE
	EndGlobalSection
	GlobalSection(ExtensibilityGlobals) = postSolution
		SolutionGuid = {C252C3D3-CDF0-48FC-9D97-0C6B2A6DB9A3}
	EndGlobalSection
EndGlobal
